
Microsoft Visual Studio Solution File, Format Version 12.00
# Visual Studio Version 17
VisualStudioVersion = 17.11.35327.3
MinimumVisualStudioVersion = 10.0.40219.1
Project("{FAE04EC0-301F-11D3-BF4B-00C04F79EFBC}") = "eSecimAPI", "eSecimAPI\eSecimAPI.csproj", "{4444DB36-7F60-4891-9B0D-511445805BED}"
EndProject
Global
	GlobalSection(SolutionConfigurationPlatforms) = preSolution
		Debug|Any CPU = Debug|Any CPU
		Release|Any CPU = Release|Any CPU
	EndGlobalSection
	GlobalSection(ProjectConfigurationPlatforms) = postSolution
		{4444DB36-7F60-4891-9B0D-511445805BED}.Debug|Any CPU.ActiveCfg = Debug|Any CPU
		{4444DB36-7F60-4891-9B0D-511445805BED}.Debug|Any CPU.Build.0 = Debug|Any CPU
		{4444DB36-7F60-4891-9B0D-511445805BED}.Release|Any CPU.ActiveCfg = Release|Any CPU
		{4444DB36-7F60-4891-9B0D-511445805BED}.Release|Any CPU.Build.0 = Release|Any CPU
	EndGlobalSection
	GlobalSection(SolutionProperties) = preSolution
		HideSolutionNode = FALSE
	EndGlobalSection
	GlobalSection(ExtensibilityGlobals) = postSolution
		SolutionGuid = {BD0B8BDC-E1A4-42B9-8903-BB13007456F3}
	EndGlobalSection
EndGlobal
